
Microsoft Visual Studio Solution File, Format Version 12.00
# Visual Studio Version 17
VisualStudioVersion = 17.4.33213.308
MinimumVisualStudioVersion = 10.0.40219.1
Project("{FAE04EC0-301F-11D3-BF4B-00C04F79EFBC}") = "Gallery", "Kino\Gallery.csproj", "{876D15FA-EDBD-4E6D-AD96-C4A9F3DEC085}"
EndProject
Global
	GlobalSection(SolutionConfigurationPlatforms) = preSolution
		Debug|x86 = Debug|x86
		Release|x86 = Release|x86
	EndGlobalSection
	GlobalSection(ProjectConfigurationPlatforms) = postSolution
		{876D15FA-EDBD-4E6D-AD96-C4A9F3DEC085}.Debug|x86.ActiveCfg = Debug|x86
		{876D15FA-EDBD-4E6D-AD96-C4A9F3DEC085}.Debug|x86.Build.0 = Debug|x86
		{876D15FA-EDBD-4E6D-AD96-C4A9F3DEC085}.Release|x86.ActiveCfg = Release|x86
		{876D15FA-EDBD-4E6D-AD96-C4A9F3DEC085}.Release|x86.Build.0 = Release|x86
	EndGlobalSection
	GlobalSection(SolutionProperties) = preSolution
		HideSolutionNode = FALSE
	EndGlobalSection
	GlobalSection(ExtensibilityGlobals) = postSolution
		SolutionGuid = {629C4FF2-9AA4-4CF0-A619-B4BA3E2F8052}
	EndGlobalSection
EndGlobal
